
Microsoft Visual Studio Solution File, Format Version 12.00
# Visual Studio Version 16
VisualStudioVersion = 16.0.29728.190
MinimumVisualStudioVersion = 10.0.40219.1
Project("{FAE04EC0-301F-11D3-BF4B-00C04F79EFBC}") = "MovieFan", "MovieFan\MovieFan.csproj", "{0A16DBA6-C076-4FCB-B69B-BF53176F6142}"
EndProject
Global
	GlobalSection(SolutionConfigurationPlatforms) = preSolution
		Debug|Any CPU = Debug|Any CPU
		Release|Any CPU = Release|Any CPU
	EndGlobalSection
	GlobalSection(ProjectConfigurationPlatforms) = postSolution
		{0A16DBA6-C076-4FCB-B69B-BF53176F6142}.Debug|Any CPU.ActiveCfg = Debug|Any CPU
		{0A16DBA6-C076-4FCB-B69B-BF53176F6142}.Debug|Any CPU.Build.0 = Debug|Any CPU
		{0A16DBA6-C076-4FCB-B69B-BF53176F6142}.Release|Any CPU.ActiveCfg = Release|Any CPU
		{0A16DBA6-C076-4FCB-B69B-BF53176F6142}.Release|Any CPU.Build.0 = Release|Any CPU
	EndGlobalSection
	GlobalSection(SolutionProperties) = preSolution
		HideSolutionNode = FALSE
	EndGlobalSection
	GlobalSection(ExtensibilityGlobals) = postSolution
		SolutionGuid = {3A0DCF85-DB65-45D8-900E-49D04774C414}
	EndGlobalSection
EndGlobal
